
Microsoft Visual Studio Solution File, Format Version 12.00
# Visual Studio Version 16
VisualStudioVersion = 16.0.29728.190
MinimumVisualStudioVersion = 10.0.40219.1
Project("{FAE04EC0-301F-11D3-BF4B-00C04F79EFBC}") = "Band Scheduler", "Band Scheduler\Band Scheduler.csproj", "{B24BB8BE-BFE0-44D3-A5F5-07E4B36B623B}"
EndProject
Global
	GlobalSection(SolutionConfigurationPlatforms) = preSolution
		Debug|Any CPU = Debug|Any CPU
		Release|Any CPU = Release|Any CPU
	EndGlobalSection
	GlobalSection(ProjectConfigurationPlatforms) = postSolution
		{B24BB8BE-BFE0-44D3-A5F5-07E4B36B623B}.Debug|Any CPU.ActiveCfg = Debug|Any CPU
		{B24BB8BE-BFE0-44D3-A5F5-07E4B36B623B}.Debug|Any CPU.Build.0 = Debug|Any CPU
		{B24BB8BE-BFE0-44D3-A5F5-07E4B36B623B}.Release|Any CPU.ActiveCfg = Release|Any CPU
		{B24BB8BE-BFE0-44D3-A5F5-07E4B36B623B}.Release|Any CPU.Build.0 = Release|Any CPU
	EndGlobalSection
	GlobalSection(SolutionProperties) = preSolution
		HideSolutionNode = FALSE
	EndGlobalSection
	GlobalSection(ExtensibilityGlobals) = postSolution
		SolutionGuid = {7021C815-30E3-4372-B9BA-4798263813D6}
	EndGlobalSection
EndGlobal
